
Microsoft Visual Studio Solution File, Format Version 12.00
# Visual Studio Version 16
VisualStudioVersion = 16.0.29409.12
MinimumVisualStudioVersion = 10.0.40219.1
Project("{FAE04EC0-301F-11D3-BF4B-00C04F79EFBC}") = "Darts", "Darts.csproj", "{DFEA63BC-947C-4F2A-9CB1-431DA98025E8}"
EndProject
Global
	GlobalSection(SolutionConfigurationPlatforms) = preSolution
		Debug|Any CPU = Debug|Any CPU
		Release|Any CPU = Release|Any CPU
	EndGlobalSection
	GlobalSection(ProjectConfigurationPlatforms) = postSolution
		{DFEA63BC-947C-4F2A-9CB1-431DA98025E8}.Debug|Any CPU.ActiveCfg = Debug|Any CPU
		{DFEA63BC-947C-4F2A-9CB1-431DA98025E8}.Debug|Any CPU.Build.0 = Debug|Any CPU
		{DFEA63BC-947C-4F2A-9CB1-431DA98025E8}.Release|Any CPU.ActiveCfg = Release|Any CPU
		{DFEA63BC-947C-4F2A-9CB1-431DA98025E8}.Release|Any CPU.Build.0 = Release|Any CPU
	EndGlobalSection
	GlobalSection(SolutionProperties) = preSolution
		HideSolutionNode = FALSE
	EndGlobalSection
	GlobalSection(ExtensibilityGlobals) = postSolution
		SolutionGuid = {62DD68F1-24A3-4D12-8E18-A51D42F5DF47}
	EndGlobalSection
EndGlobal
